// !$*UTF8*$!
{
	archiveVersion = 1;
	classes = {
	};
	objectVersion = 55;
	objects = {

/* Begin PBXBuildFile section */
		44134590273DDBDA005402AE /* TradingCardView.swift in Sources */ = {isa = PBXBuildFile; fileRef = 4413458F273DDBDA005402AE /* TradingCardView.swift */; };
		44134592273DE0C3005402AE /* AllenIversonView.swift in Sources */ = {isa = PBXBuildFile; fileRef = 44134591273DE0C3005402AE /* AllenIversonView.swift */; };
		44134594273DF30D005402AE /* CalvinMurphyView.swift in Sources */ = {isa = PBXBuildFile; fileRef = 44134593273DF30D005402AE /* CalvinMurphyView.swift */; };
		44134596273DFD47005402AE /* KyleLowryView.swift in Sources */ = {isa = PBXBuildFile; fileRef = 44134595273DFD47005402AE /* KyleLowryView.swift */; };
		4415F20227398B2A004A07C6 /* TradingCardsApp.swift in Sources */ = {isa = PBXBuildFile; fileRef = 4415F20127398B2A004A07C6 /* TradingCardsApp.swift */; };
		4415F20427398B2A004A07C6 /* IsaiahThomasView.swift in Sources */ = {isa = PBXBuildFile; fileRef = 4415F20327398B2A004A07C6 /* IsaiahThomasView.swift */; };
		4415F20627398B2D004A07C6 /* Assets.xcassets in Resources */ = {isa = PBXBuildFile; fileRef = 4415F20527398B2D004A07C6 /* Assets.xcassets */; };
		4415F20927398B2D004A07C6 /* Preview Assets.xcassets in Resources */ = {isa = PBXBuildFile; fileRef = 4415F20827398B2D004A07C6 /* Preview Assets.xcassets */; };
		448210D6273CBB30009834E3 /* TradingCardListView.swift in Sources */ = {isa = PBXBuildFile; fileRef = 448210D5273CBB30009834E3 /* TradingCardListView.swift */; };
		449BEB6E2742FFC500FAC8CE /* NavigationListView.swift in Sources */ = {isa = PBXBuildFile; fileRef = 449BEB6D2742FFC500FAC8CE /* NavigationListView.swift */; };
		449BEB702743027A00FAC8CE /* TradingCard.swift in Sources */ = {isa = PBXBuildFile; fileRef = 449BEB6F2743027A00FAC8CE /* TradingCard.swift */; };
		44F3CCE6273ED55000201AB0 /* ChrisPaulView.swift in Sources */ = {isa = PBXBuildFile; fileRef = 44F3CCE5273ED55000201AB0 /* ChrisPaulView.swift */; };
/* End PBXBuildFile section */

/* Begin PBXFileReference section */
		4413458F273DDBDA005402AE /* TradingCardView.swift */ = {isa = PBXFileReference; lastKnownFileType = sourcecode.swift; path = TradingCardView.swift; sourceTree = "<group>"; };
		44134591273DE0C3005402AE /* AllenIversonView.swift */ = {isa = PBXFileReference; lastKnownFileType = sourcecode.swift; path = AllenIversonView.swift; sourceTree = "<group>"; };
		44134593273DF30D005402AE /* CalvinMurphyView.swift */ = {isa = PBXFileReference; lastKnownFileType = sourcecode.swift; path = CalvinMurphyView.swift; sourceTree = "<group>"; };
		44134595273DFD47005402AE /* KyleLowryView.swift */ = {isa = PBXFileReference; lastKnownFileType = sourcecode.swift; path = KyleLowryView.swift; sourceTree = "<group>"; };
		4415F1FE27398B2A004A07C6 /* TradingCards.app */ = {isa = PBXFileReference; explicitFileType = wrapper.application; includeInIndex = 0; path = TradingCards.app; sourceTree = BUILT_PRODUCTS_DIR; };
		4415F20127398B2A004A07C6 /* TradingCardsApp.swift */ = {isa = PBXFileReference; lastKnownFileType = sourcecode.swift; path = TradingCardsApp.swift; sourceTree = "<group>"; };
		4415F20327398B2A004A07C6 /* IsaiahThomasView.swift */ = {isa = PBXFileReference; lastKnownFileType = sourcecode.swift; path = IsaiahThomasView.swift; sourceTree = "<group>"; };
		4415F20527398B2D004A07C6 /* Assets.xcassets */ = {isa = PBXFileReference; lastKnownFileType = folder.assetcatalog; path = Assets.xcassets; sourceTree = "<group>"; };
		4415F20827398B2D004A07C6 /* Preview Assets.xcassets */ = {isa = PBXFileReference; lastKnownFileType = folder.assetcatalog; path = "Preview Assets.xcassets"; sourceTree = "<group>"; };
		448210D5273CBB30009834E3 /* TradingCardListView.swift */ = {isa = PBXFileReference; lastKnownFileType = sourcecode.swift; path = TradingCardListView.swift; sourceTree = "<group>"; };
		449BEB6D2742FFC500FAC8CE /* NavigationListView.swift */ = {isa = PBXFileReference; lastKnownFileType = sourcecode.swift; path = NavigationListView.swift; sourceTree = "<group>"; };
		449BEB6F2743027A00FAC8CE /* TradingCard.swift */ = {isa = PBXFileReference; lastKnownFileType = sourcecode.swift; path = TradingCard.swift; sourceTree = "<group>"; };
		44F3CCE5273ED55000201AB0 /* ChrisPaulView.swift */ = {isa = PBXFileReference; lastKnownFileType = sourcecode.swift; path = ChrisPaulView.swift; sourceTree = "<group>"; };
/* End PBXFileReference section */

/* Begin PBXFrameworksBuildPhase section */
		4415F1FB27398B2A004A07C6 /* Frameworks */ = {
			isa = PBXFrameworksBuildPhase;
			buildActionMask = 2147483647;
			files = (
			);
			runOnlyForDeploymentPostprocessing = 0;
		};
/* End PBXFrameworksBuildPhase section */

/* Begin PBXGroup section */
		4413458E273DDBB2005402AE /* Shared */ = {
			isa = PBXGroup;
			children = (
				4413458F273DDBDA005402AE /* TradingCardView.swift */,
				449BEB6D2742FFC500FAC8CE /* NavigationListView.swift */,
			);
			path = Shared;
			sourceTree = "<group>";
		};
		4415F1F527398B2A004A07C6 = {
			isa = PBXGroup;
			children = (
				4415F20027398B2A004A07C6 /* TradingCards */,
				4415F1FF27398B2A004A07C6 /* Products */,
			);
			sourceTree = "<group>";
		};
		4415F1FF27398B2A004A07C6 /* Products */ = {
			isa = PBXGroup;
			children = (
				4415F1FE27398B2A004A07C6 /* TradingCards.app */,
			);
			name = Products;
			sourceTree = "<group>";
		};
		4415F20027398B2A004A07C6 /* TradingCards */ = {
			isa = PBXGroup;
			children = (
				449BEB6C2742FF7500FAC8CE /* Model */,
				4415F20127398B2A004A07C6 /* TradingCardsApp.swift */,
				448210D5273CBB30009834E3 /* TradingCardListView.swift */,
				4413458E273DDBB2005402AE /* Shared */,
				4415F20327398B2A004A07C6 /* IsaiahThomasView.swift */,
				44134591273DE0C3005402AE /* AllenIversonView.swift */,
				44134593273DF30D005402AE /* CalvinMurphyView.swift */,
				44134595273DFD47005402AE /* KyleLowryView.swift */,
				44F3CCE5273ED55000201AB0 /* ChrisPaulView.swift */,
				4415F20527398B2D004A07C6 /* Assets.xcassets */,
				4415F20727398B2D004A07C6 /* Preview Content */,
			);
			path = TradingCards;
			sourceTree = "<group>";
		};
		4415F20727398B2D004A07C6 /* Preview Content */ = {
			isa = PBXGroup;
			children = (
				4415F20827398B2D004A07C6 /* Preview Assets.xcassets */,
			);
			path = "Preview Content";
			sourceTree = "<group>";
		};
		449BEB6C2742FF7500FAC8CE /* Model */ = {
			isa = PBXGroup;
			children = (
				449BEB6F2743027A00FAC8CE /* TradingCard.swift */,
			);
			path = Model;
			sourceTree = "<group>";
		};
/* End PBXGroup section */

/* Begin PBXNativeTarget section */
		4415F1FD27398B2A004A07C6 /* TradingCards */ = {
			isa = PBXNativeTarget;
			buildConfigurationList = 4415F20C27398B2D004A07C6 /* Build configuration list for PBXNativeTarget "TradingCards" */;
			buildPhases = (
				4415F1FA27398B2A004A07C6 /* Sources */,
				4415F1FB27398B2A004A07C6 /* Frameworks */,
				4415F1FC27398B2A004A07C6 /* Resources */,
			);
			buildRules = (
			);
			dependencies = (
			);
			name = TradingCards;
			productName = TradingCards;
			productReference = 4415F1FE27398B2A004A07C6 /* TradingCards.app */;
			productType = "com.apple.product-type.application";
		};
/* End PBXNativeTarget section */

/* Begin PBXProject section */
		4415F1F627398B2A004A07C6 /* Project object */ = {
			isa = PBXProject;
			attributes = {
				BuildIndependentTargetsInParallel = 1;
				LastSwiftUpdateCheck = 1310;
				LastUpgradeCheck = 1310;
				TargetAttributes = {
					4415F1FD27398B2A004A07C6 = {
						CreatedOnToolsVersion = 13.1;
					};
				};
			};
			buildConfigurationList = 4415F1F927398B2A004A07C6 /* Build configuration list for PBXProject "TradingCards" */;
			compatibilityVersion = "Xcode 13.0";
			developmentRegion = en;
			hasScannedForEncodings = 0;
			knownRegions = (
				en,
				Base,
			);
			mainGroup = 4415F1F527398B2A004A07C6;
			productRefGroup = 4415F1FF27398B2A004A07C6 /* Products */;
			projectDirPath = "";
			projectRoot = "";
			targets = (
				4415F1FD27398B2A004A07C6 /* TradingCards */,
			);
		};
/* End PBXProject section */

/* Begin PBXResourcesBuildPhase section */
		4415F1FC27398B2A004A07C6 /* Resources */ = {
			isa = PBXResourcesBuildPhase;
			buildActionMask = 2147483647;
			files = (
				4415F20927398B2D004A07C6 /* Preview Assets.xcassets in Resources */,
				4415F20627398B2D004A07C6 /* Assets.xcassets in Resources */,
			);
			runOnlyForDeploymentPostprocessing = 0;
		};
/* End PBXResourcesBuildPhase section */

/* Begin PBXSourcesBuildPhase section */
		4415F1FA27398B2A004A07C6 /* Sources */ = {
			isa = PBXSourcesBuildPhase;
			buildActionMask = 2147483647;
			files = (
				44134596273DFD47005402AE /* KyleLowryView.swift in Sources */,
				449BEB6E2742FFC500FAC8CE /* NavigationListView.swift in Sources */,
				4415F20427398B2A004A07C6 /* IsaiahThomasView.swift in Sources */,
				449BEB702743027A00FAC8CE /* TradingCard.swift in Sources */,
				44134594273DF30D005402AE /* CalvinMurphyView.swift in Sources */,
				4415F20227398B2A004A07C6 /* TradingCardsApp.swift in Sources */,
				44F3CCE6273ED55000201AB0 /* ChrisPaulView.swift in Sources */,
				44134590273DDBDA005402AE /* TradingCardView.swift in Sources */,
				44134592273DE0C3005402AE /* AllenIversonView.swift in Sources */,
				448210D6273CBB30009834E3 /* TradingCardListView.swift in Sources */,
			);
			runOnlyForDeploymentPostprocessing = 0;
		};
/* End PBXSourcesBuildPhase section */

/* Begin XCBuildConfiguration section */
		4415F20A27398B2D004A07C6 /* Debug */ = {
			isa = XCBuildConfiguration;
			buildSettings = {
				ALWAYS_SEARCH_USER_PATHS = NO;
				CLANG_ANALYZER_NONNULL = YES;
				CLANG_ANALYZER_NUMBER_OBJECT_CONVERSION = YES_AGGRESSIVE;
				CLANG_CXX_LANGUAGE_STANDARD = "gnu++17";
				CLANG_CXX_LIBRARY = "libc++";
				CLANG_ENABLE_MODULES = YES;
				CLANG_ENABLE_OBJC_ARC = YES;
				CLANG_ENABLE_OBJC_WEAK = YES;
				CLANG_WARN_BLOCK_CAPTURE_AUTORELEASING = YES;
				CLANG_WARN_BOOL_CONVERSION = YES;
				CLANG_WARN_COMMA = YES;
				CLANG_WARN_CONSTANT_CONVERSION = YES;
				CLANG_WARN_DEPRECATED_OBJC_IMPLEMENTATIONS = YES;
				CLANG_WARN_DIRECT_OBJC_ISA_USAGE = YES_ERROR;
				CLANG_WARN_DOCUMENTATION_COMMENTS = YES;
				CLANG_WARN_EMPTY_BODY = YES;
				CLANG_WARN_ENUM_CONVERSION = YES;
				CLANG_WARN_INFINITE_RECURSION = YES;
				CLANG_WARN_INT_CONVERSION = YES;
				CLANG_WARN_NON_LITERAL_NULL_CONVERSION = YES;
				CLANG_WARN_OBJC_IMPLICIT_RETAIN_SELF = YES;
				CLANG_WARN_OBJC_LITERAL_CONVERSION = YES;
				CLANG_WARN_OBJC_ROOT_CLASS = YES_ERROR;
				CLANG_WARN_QUOTED_INCLUDE_IN_FRAMEWORK_HEADER = YES;
				CLANG_WARN_RANGE_LOOP_ANALYSIS = YES;
				CLANG_WARN_STRICT_PROTOTYPES = YES;
				CLANG_WARN_SUSPICIOUS_MOVE = YES;
				CLANG_WARN_UNGUARDED_AVAILABILITY = YES_AGGRESSIVE;
				CLANG_WARN_UNREACHABLE_CODE = YES;
				CLANG_WARN__DUPLICATE_METHOD_MATCH = YES;
				COPY_PHASE_STRIP = NO;
				DEBUG_INFORMATION_FORMAT = dwarf;
				ENABLE_STRICT_OBJC_MSGSEND = YES;
				ENABLE_TESTABILITY = YES;
				GCC_C_LANGUAGE_STANDARD = gnu11;
				GCC_DYNAMIC_NO_PIC = NO;
				GCC_NO_COMMON_BLOCKS = YES;
				GCC_OPTIMIZATION_LEVEL = 0;
				GCC_PREPROCESSOR_DEFINITIONS = (
					"DEBUG=1",
					"$(inherited)",
				);
				GCC_WARN_64_TO_32_BIT_CONVERSION = YES;
				GCC_WARN_ABOUT_RETURN_TYPE = YES_ERROR;
				GCC_WARN_UNDECLARED_SELECTOR = YES;
				GCC_WARN_UNINITIALIZED_AUTOS = YES_AGGRESSIVE;
				GCC_WARN_UNUSED_FUNCTION = YES;
				GCC_WARN_UNUSED_VARIABLE = YES;
				IPHONEOS_DEPLOYMENT_TARGET = 15.0;
				MTL_ENABLE_DEBUG_INFO = INCLUDE_SOURCE;
				MTL_FAST_MATH = YES;
				ONLY_ACTIVE_ARCH = YES;
				SDKROOT = iphoneos;
				SWIFT_ACTIVE_COMPILATION_CONDITIONS = DEBUG;
				SWIFT_OPTIMIZATION_LEVEL = "-Onone";
			};
			name = Debug;
		};
		4415F20B27398B2D004A07C6 /* Release */ = {
			isa = XCBuildConfiguration;
			buildSettings = {
				ALWAYS_SEARCH_USER_PATHS = NO;
				CLANG_ANALYZER_NONNULL = YES;
				CLANG_ANALYZER_NUMBER_OBJECT_CONVERSION = YES_AGGRESSIVE;
				CLANG_CXX_LANGUAGE_STANDARD = "gnu++17";
				CLANG_CXX_LIBRARY = "libc++";
				CLANG_ENABLE_MODULES = YES;
				CLANG_ENABLE_OBJC_ARC = YES;
				CLANG_ENABLE_OBJC_WEAK = YES;
				CLANG_WARN_BLOCK_CAPTURE_AUTORELEASING = YES;
				CLANG_WARN_BOOL_CONVERSION = YES;
				CLANG_WARN_COMMA = YES;
				CLANG_WARN_CONSTANT_CONVERSION = YES;
				CLANG_WARN_DEPRECATED_OBJC_IMPLEMENTATIONS = YES;
				CLANG_WARN_DIRECT_OBJC_ISA_USAGE = YES_ERROR;
				CLANG_WARN_DOCUMENTATION_COMMENTS = YES;
				CLANG_WARN_EMPTY_BODY = YES;
				CLANG_WARN_ENUM_CONVERSION = YES;
				CLANG_WARN_INFINITE_RECURSION = YES;
				CLANG_WARN_INT_CONVERSION = YES;
				CLANG_WARN_NON_LITERAL_NULL_CONVERSION = YES;
				CLANG_WARN_OBJC_IMPLICIT_RETAIN_SELF = YES;
				CLANG_WARN_OBJC_LITERAL_CONVERSION = YES;
				CLANG_WARN_OBJC_ROOT_CLASS = YES_ERROR;
				CLANG_WARN_QUOTED_INCLUDE_IN_FRAMEWORK_HEADER = YES;
				CLANG_WARN_RANGE_LOOP_ANALYSIS = YES;
				CLANG_WARN_STRICT_PROTOTYPES = YES;
				CLANG_WARN_SUSPICIOUS_MOVE = YES;
				CLANG_WARN_UNGUARDED_AVAILABILITY = YES_AGGRESSIVE;
				CLANG_WARN_UNREACHABLE_CODE = YES;
				CLANG_WARN__DUPLICATE_METHOD_MATCH = YES;
				COPY_PHASE_STRIP = NO;
				DEBUG_INFORMATION_FORMAT = "dwarf-with-dsym";
				ENABLE_NS_ASSERTIONS = NO;
				ENABLE_STRICT_OBJC_MSGSEND = YES;
				GCC_C_LANGUAGE_STANDARD = gnu11;
				GCC_NO_COMMON_BLOCKS = YES;
				GCC_WARN_64_TO_32_BIT_CONVERSION = YES;
				GCC_WARN_ABOUT_RETURN_TYPE = YES_ERROR;
				GCC_WARN_UNDECLARED_SELECTOR = YES;
				GCC_WARN_UNINITIALIZED_AUTOS = YES_AGGRESSIVE;
				GCC_WARN_UNUSED_FUNCTION = YES;
				GCC_WARN_UNUSED_VARIABLE = YES;
				IPHONEOS_DEPLOYMENT_TARGET = 15.0;
				MTL_ENABLE_DEBUG_INFO = NO;
				MTL_FAST_MATH = YES;
				SDKROOT = iphoneos;
				SWIFT_COMPILATION_MODE = wholemodule;
				SWIFT_OPTIMIZATION_LEVEL = "-O";
				VALIDATE_PRODUCT = YES;
			};
			name = Release;
		};
		4415F20D27398B2D004A07C6 /* Debug */ = {
			isa = XCBuildConfiguration;
			buildSettings = {
				ASSETCATALOG_COMPILER_APPICON_NAME = AppIcon;
				ASSETCATALOG_COMPILER_GLOBAL_ACCENT_COLOR_NAME = AccentColor;
				CODE_SIGN_STYLE = Automatic;
				CURRENT_PROJECT_VERSION = 1;
				DEVELOPMENT_ASSET_PATHS = "\"TradingCards/Preview Content\"";
				DEVELOPMENT_TEAM = L8QA2F2KYK;
				ENABLE_PREVIEWS = YES;
				GENERATE_INFOPLIST_FILE = YES;
				INFOPLIST_KEY_UIApplicationSceneManifest_Generation = YES;
				INFOPLIST_KEY_UIApplicationSupportsIndirectInputEvents = YES;
				INFOPLIST_KEY_UILaunchScreen_Generation = YES;
				INFOPLIST_KEY_UISupportedInterfaceOrientations_iPad = "UIInterfaceOrientationPortrait UIInterfaceOrientationPortraitUpsideDown UIInterfaceOrientationLandscapeLeft UIInterfaceOrientationLandscapeRight";
				INFOPLIST_KEY_UISupportedInterfaceOrientations_iPhone = "UIInterfaceOrientationPortrait UIInterfaceOrientationLandscapeLeft UIInterfaceOrientationLandscapeRight";
				LD_RUNPATH_SEARCH_PATHS = (
					"$(inherited)",
					"@executable_path/Frameworks",
				);
				MARKETING_VERSION = 1.0;
				PRODUCT_BUNDLE_IDENTIFIER = ca.nathansmith.TradingCards;
				PRODUCT_NAME = "$(TARGET_NAME)";
				SWIFT_EMIT_LOC_STRINGS = YES;
				SWIFT_VERSION = 5.0;
				TARGETED_DEVICE_FAMILY = "1,2";
			};
			name = Debug;
		};
		4415F20E27398B2D004A07C6 /* Release */ = {
			isa = XCBuildConfiguration;
			buildSettings = {
				ASSETCATALOG_COMPILER_APPICON_NAME = AppIcon;
				ASSETCATALOG_COMPILER_GLOBAL_ACCENT_COLOR_NAME = AccentColor;
				CODE_SIGN_STYLE = Automatic;
				CURRENT_PROJECT_VERSION = 1;
				DEVELOPMENT_ASSET_PATHS = "\"TradingCards/Preview Content\"";
				DEVELOPMENT_TEAM = L8QA2F2KYK;
				ENABLE_PREVIEWS = YES;
				GENERATE_INFOPLIST_FILE = YES;
				INFOPLIST_KEY_UIApplicationSceneManifest_Generation = YES;
				INFOPLIST_KEY_UIApplicationSupportsIndirectInputEvents = YES;
				INFOPLIST_KEY_UILaunchScreen_Generation = YES;
				INFOPLIST_KEY_UISupportedInterfaceOrientations_iPad = "UIInterfaceOrientationPortrait UIInterfaceOrientationPortraitUpsideDown UIInterfaceOrientationLandscapeLeft UIInterfaceOrientationLandscapeRight";
				INFOPLIST_KEY_UISupportedInterfaceOrientations_iPhone = "UIInterfaceOrientationPortrait UIInterfaceOrientationLandscapeLeft UIInterfaceOrientationLandscapeRight";
				LD_RUNPATH_SEARCH_PATHS = (
					"$(inherited)",
					"@executable_path/Frameworks",
				);
				MARKETING_VERSION = 1.0;
				PRODUCT_BUNDLE_IDENTIFIER = ca.nathansmith.TradingCards;
				PRODUCT_NAME = "$(TARGET_NAME)";
				SWIFT_EMIT_LOC_STRINGS = YES;
				SWIFT_VERSION = 5.0;
				TARGETED_DEVICE_FAMILY = "1,2";
			};
			name = Release;
		};
/* End XCBuildConfiguration section */

/* Begin XCConfigurationList section */
		4415F1F927398B2A004A07C6 /* Build configuration list for PBXProject "TradingCards" */ = {
			isa = XCConfigurationList;
			buildConfigurations = (
				4415F20A27398B2D004A07C6 /* Debug */,
				4415F20B27398B2D004A07C6 /* Release */,
			);
			defaultConfigurationIsVisible = 0;
			defaultConfigurationName = Release;
		};
		4415F20C27398B2D004A07C6 /* Build configuration list for PBXNativeTarget "TradingCards" */ = {
			isa = XCConfigurationList;
			buildConfigurations = (
				4415F20D27398B2D004A07C6 /* Debug */,
				4415F20E27398B2D004A07C6 /* Release */,
			);
			defaultConfigurationIsVisible = 0;
			defaultConfigurationName = Release;
		};
/* End XCConfigurationList section */
	};
	rootObject = 4415F1F627398B2A004A07C6 /* Project object */;
}
